{
    "name": "repro-jsrsasign-digest",
    "lockfileVersion": 2,
    "requires": true,
    "packages": {
        "": {
            "name": "repro-jsrsasign-digest",
            "dependencies": {
                "jsrsasign": "^10.0.0"
            }
        },
        "node_modules/jsrsasign": {
            "version": "10.5.27",
            "resolved": "https://registry.npmjs.org/jsrsasign/-/jsrsasign-10.5.27.tgz",
            "integrity": "sha512-1F4LmDeJZHYwoVvB44jEo2uZL3XuwYNzXCDOu53Ui6vqofGQ/gCYDmaxfVZtN0TGd92UKXr/BONcfrPonUIcQQ==",
            "funding": {
                "url": "https://github.com/kjur/jsrsasign#donations"
            }
        }
    },
    "dependencies": {
        "jsrsasign": {
            "version": "10.5.27",
            "resolved": "https://registry.npmjs.org/jsrsasign/-/jsrsasign-10.5.27.tgz",
            "integrity": "sha512-1F4LmDeJZHYwoVvB44jEo2uZL3XuwYNzXCDOu53Ui6vqofGQ/gCYDmaxfVZtN0TGd92UKXr/BONcfrPonUIcQQ=="
        }
    }
}
